# This file is automatically @generated by Cargo.
# It is not intended for manual editing.
version = 4

[[package]]
name = "basic65emu"
version = "0.1.0"
dependencies = [
 "cpu6502",
]

[[package]]
name = "cpu6502"
version = "0.1.0"
source = "git+https://github.com/sarpt/cpu6502#4794484ccb4213680f09118416473916523a44f9"
